<?xml version="1.0" encoding="utf-8"?>
<Project ToolsVersion="4.0" xmlns="http://schemas.microsoft.com/developer/msbuild/2003">
  <ItemGroup>
    <Filter Include="Framework">
      <UniqueIdentifier>{a1b2c3d0-0001-4000-8000-000000000001}</UniqueIdentifier>
    </Filter>
    <Filter Include="Framework\Core">
      <UniqueIdentifier>{a1b2c3d0-0001-4000-8000-000000000002}</UniqueIdentifier>
    </Filter>
    <Filter Include="Framework\Graphics">
      <UniqueIdentifier>{a1b2c3d0-0001-4000-8000-000000000003}</UniqueIdentifier>
    </Filter>
    <Filter Include="Framework\Shaders">
      <UniqueIdentifier>{a1b2c3d0-0001-4000-8000-000000000004}</UniqueIdentifier>
    </Filter>
    <Filter Include="Framework\Text">
      <UniqueIdentifier>{a1b2c3d0-0001-4000-8000-000000000005}</UniqueIdentifier>
    </Filter>
    <Filter Include="Framework\Utility">
      <UniqueIdentifier>{a1b2c3d0-0001-4000-8000-000000000006}</UniqueIdentifier>
    </Filter>
    <Filter Include="assets">
      <UniqueIdentifier>{a1b2c3d0-0001-4000-8000-000000000007}</UniqueIdentifier>
    </Filter>
    <Filter Include="assets\shaders">
      <UniqueIdentifier>{a1b2c3d0-0001-4000-8000-000000000008}</UniqueIdentifier>
    </Filter>
  </ItemGroup>
  <ItemGroup>
    <ClCompile Include="main.cpp" />
    <ClCompile Include="Framework\Core\ApplicationClass.cpp">
      <Filter>Framework\Core</Filter>
    </ClCompile>
    <ClCompile Include="Framework\Core\InputClass.cpp">
      <Filter>Framework\Core</Filter>
    </ClCompile>
    <ClCompile Include="Framework\Core\SystemClass.cpp">
      <Filter>Framework\Core</Filter>
    </ClCompile>
    <ClCompile Include="Framework\Graphics\D3DClass.cpp">
      <Filter>Framework\Graphics</Filter>
    </ClCompile>
  </ItemGroup>
  <ItemGroup>
    <ClInclude Include="Framework\Core\ApplicationClass.h">
      <Filter>Framework\Core</Filter>
    </ClInclude>
    <ClInclude Include="Framework\Core\Check.h">
      <Filter>Framework\Core</Filter>
    </ClInclude>
    <ClInclude Include="Framework\Core\InputClass.h">
      <Filter>Framework\Core</Filter>
    </ClInclude>
    <ClInclude Include="Framework\Core\SystemClass.h">
      <Filter>Framework\Core</Filter>
    </ClInclude>
    <ClInclude Include="Framework\Graphics\D3DClass.h">
      <Filter>Framework\Graphics</Filter>
    </ClInclude>
  </ItemGroup>
  <ItemGroup>
    <None Include="Framework\Core\README.md">
      <Filter>Framework\Core</Filter>
    </None>
    <None Include="Framework\Graphics\README.md">
      <Filter>Framework\Graphics</Filter>
    </None>
    <None Include="Framework\Shaders\README.md">
      <Filter>Framework\Shaders</Filter>
    </None>
    <None Include="Framework\Text\README.md">
      <Filter>Framework\Text</Filter>
    </None>
    <None Include="Framework\Utility\README.md">
      <Filter>Framework\Utility</Filter>
    </None>
    <None Include="assets\shaders\README.md">
      <Filter>assets\shaders</Filter>
    </None>
  </ItemGroup>
</Project>
